
Microsoft Visual Studio Solution File, Format Version 12.00
# Visual Studio 15
Project("{FAE04EC0-301F-11D3-BF4B-00C04F79EFBC}") = "Unity.Recorder", "Unity.Recorder.csproj", "{C64DD3DA-73DC-4C9E-58A1-4C7A2FB23A92}"
EndProject
Project("{FAE04EC0-301F-11D3-BF4B-00C04F79EFBC}") = "Unity.Recorder.Samples", "Unity.Recorder.Samples.csproj", "{115D6AEF-0EAD-4BE6-53F7-8303565B5CE8}"
EndProject
Project("{FAE04EC0-301F-11D3-BF4B-00C04F79EFBC}") = "Assembly-CSharp", "Assembly-CSharp.csproj", "{5D769EA3-F80F-C7EE-71B8-BE1137859418}"
EndProject
Project("{FAE04EC0-301F-11D3-BF4B-00C04F79EFBC}") = "Unity.Recorder.Editor", "Unity.Recorder.Editor.csproj", "{F6758F24-3C5F-24D5-6D53-070EEB2E5ECA}"
EndProject
Global
	GlobalSection(SolutionConfigurationPlatforms) = preSolution
		Debug|Any CPU = Debug|Any CPU
		Release|Any CPU = Release|Any CPU
	EndGlobalSection
	GlobalSection(ProjectConfigurationPlatforms) = postSolution
		{C64DD3DA-73DC-4C9E-58A1-4C7A2FB23A92}.Debug|Any CPU.ActiveCfg = Debug|Any CPU
		{C64DD3DA-73DC-4C9E-58A1-4C7A2FB23A92}.Debug|Any CPU.Build.0 = Debug|Any CPU
		{C64DD3DA-73DC-4C9E-58A1-4C7A2FB23A92}.Release|Any CPU.ActiveCfg = Release|Any CPU
		{C64DD3DA-73DC-4C9E-58A1-4C7A2FB23A92}.Release|Any CPU.Build.0 = Release|Any CPU
		{115D6AEF-0EAD-4BE6-53F7-8303565B5CE8}.Debug|Any CPU.ActiveCfg = Debug|Any CPU
		{115D6AEF-0EAD-4BE6-53F7-8303565B5CE8}.Debug|Any CPU.Build.0 = Debug|Any CPU
		{115D6AEF-0EAD-4BE6-53F7-8303565B5CE8}.Release|Any CPU.ActiveCfg = Release|Any CPU
		{115D6AEF-0EAD-4BE6-53F7-8303565B5CE8}.Release|Any CPU.Build.0 = Release|Any CPU
		{5D769EA3-F80F-C7EE-71B8-BE1137859418}.Debug|Any CPU.ActiveCfg = Debug|Any CPU
		{5D769EA3-F80F-C7EE-71B8-BE1137859418}.Debug|Any CPU.Build.0 = Debug|Any CPU
		{5D769EA3-F80F-C7EE-71B8-BE1137859418}.Release|Any CPU.ActiveCfg = Release|Any CPU
		{5D769EA3-F80F-C7EE-71B8-BE1137859418}.Release|Any CPU.Build.0 = Release|Any CPU
		{F6758F24-3C5F-24D5-6D53-070EEB2E5ECA}.Debug|Any CPU.ActiveCfg = Debug|Any CPU
		{F6758F24-3C5F-24D5-6D53-070EEB2E5ECA}.Debug|Any CPU.Build.0 = Debug|Any CPU
		{F6758F24-3C5F-24D5-6D53-070EEB2E5ECA}.Release|Any CPU.ActiveCfg = Release|Any CPU
		{F6758F24-3C5F-24D5-6D53-070EEB2E5ECA}.Release|Any CPU.Build.0 = Release|Any CPU
	EndGlobalSection
	GlobalSection(SolutionProperties) = preSolution
		HideSolutionNode = FALSE
	EndGlobalSection
EndGlobal
